
Microsoft Visual Studio Solution File, Format Version 12.00
# Visual Studio Version 17
VisualStudioVersion = 17.6.33829.357
MinimumVisualStudioVersion = 10.0.40219.1
Project("{9A19103F-16F7-4668-BE54-9A1E7A4F7556}") = "Flow.Launcher.Plugin.Add2Path", "Flow.Launcher.Plugin.Add2Path.csproj", "{0D5934A1-77FE-4AEC-82F5-CDD2710B5CC8}"
EndProject
Global
	GlobalSection(SolutionConfigurationPlatforms) = preSolution
		Debug|Any CPU = Debug|Any CPU
		Release|Any CPU = Release|Any CPU
	EndGlobalSection
	GlobalSection(ProjectConfigurationPlatforms) = postSolution
		{0D5934A1-77FE-4AEC-82F5-CDD2710B5CC8}.Debug|Any CPU.ActiveCfg = Debug|Any CPU
		{0D5934A1-77FE-4AEC-82F5-CDD2710B5CC8}.Debug|Any CPU.Build.0 = Debug|Any CPU
		{0D5934A1-77FE-4AEC-82F5-CDD2710B5CC8}.Release|Any CPU.ActiveCfg = Release|Any CPU
		{0D5934A1-77FE-4AEC-82F5-CDD2710B5CC8}.Release|Any CPU.Build.0 = Release|Any CPU
	EndGlobalSection
	GlobalSection(SolutionProperties) = preSolution
		HideSolutionNode = FALSE
	EndGlobalSection
	GlobalSection(ExtensibilityGlobals) = postSolution
		SolutionGuid = {89387D62-9F6E-4E65-8943-3E6F0CD7C3FE}
	EndGlobalSection
EndGlobal
